
Microsoft Visual Studio Solution File, Format Version 12.00
# Visual Studio 15
VisualStudioVersion = 15.0.26228.9
MinimumVisualStudioVersion = 10.0.40219.1
Project("{FAE04EC0-301F-11D3-BF4B-00C04F79EFBC}") = "DatabaseAsService", "DatabaseAsService\DatabaseAsService.csproj", "{4909B999-B5B5-4732-B3CC-B70298FA0528}"
EndProject
Project("{FAE04EC0-301F-11D3-BF4B-00C04F79EFBC}") = "Identity", "Identity\Identity.csproj", "{C183EB36-FEC0-429F-9778-DCD0F518BC81}"
EndProject
Project("{FAE04EC0-301F-11D3-BF4B-00C04F79EFBC}") = "ApiGateway", "ApiGateway\ApiGateway.csproj", "{64088C67-D3AA-4DE9-A76D-22E5315A429F}"
EndProject
Global
	GlobalSection(SolutionConfigurationPlatforms) = preSolution
		Debug|Any CPU = Debug|Any CPU
		Release|Any CPU = Release|Any CPU
	EndGlobalSection
	GlobalSection(ProjectConfigurationPlatforms) = postSolution
		{4909B999-B5B5-4732-B3CC-B70298FA0528}.Debug|Any CPU.ActiveCfg = Debug|Any CPU
		{4909B999-B5B5-4732-B3CC-B70298FA0528}.Debug|Any CPU.Build.0 = Debug|Any CPU
		{4909B999-B5B5-4732-B3CC-B70298FA0528}.Release|Any CPU.ActiveCfg = Release|Any CPU
		{4909B999-B5B5-4732-B3CC-B70298FA0528}.Release|Any CPU.Build.0 = Release|Any CPU
		{C183EB36-FEC0-429F-9778-DCD0F518BC81}.Debug|Any CPU.ActiveCfg = Debug|Any CPU
		{C183EB36-FEC0-429F-9778-DCD0F518BC81}.Debug|Any CPU.Build.0 = Debug|Any CPU
		{C183EB36-FEC0-429F-9778-DCD0F518BC81}.Release|Any CPU.ActiveCfg = Release|Any CPU
		{C183EB36-FEC0-429F-9778-DCD0F518BC81}.Release|Any CPU.Build.0 = Release|Any CPU
		{64088C67-D3AA-4DE9-A76D-22E5315A429F}.Debug|Any CPU.ActiveCfg = Debug|Any CPU
		{64088C67-D3AA-4DE9-A76D-22E5315A429F}.Debug|Any CPU.Build.0 = Debug|Any CPU
		{64088C67-D3AA-4DE9-A76D-22E5315A429F}.Release|Any CPU.ActiveCfg = Release|Any CPU
		{64088C67-D3AA-4DE9-A76D-22E5315A429F}.Release|Any CPU.Build.0 = Release|Any CPU
	EndGlobalSection
	GlobalSection(SolutionProperties) = preSolution
		HideSolutionNode = FALSE
	EndGlobalSection
EndGlobal
